
Microsoft Visual Studio Solution File, Format Version 12.00
# Visual Studio 15
VisualStudioVersion = 15.0.27130.2026
MinimumVisualStudioVersion = 10.0.40219.1
Project("{FAE04EC0-301F-11D3-BF4B-00C04F79EFBC}") = "Losungen", "Losungen\Losungen.csproj", "{9B48475C-CBD8-4B68-A2E6-48544884D464}"
EndProject
Project("{FAE04EC0-301F-11D3-BF4B-00C04F79EFBC}") = "LosungenWpf", "LosungenWpf\LosungenWpf.csproj", "{B3A6BB4D-CE35-4732-9790-4E672512C0A1}"
EndProject
Global
	GlobalSection(SolutionConfigurationPlatforms) = preSolution
		Debug|Any CPU = Debug|Any CPU
		Release|Any CPU = Release|Any CPU
	EndGlobalSection
	GlobalSection(ProjectConfigurationPlatforms) = postSolution
		{9B48475C-CBD8-4B68-A2E6-48544884D464}.Debug|Any CPU.ActiveCfg = Debug|Any CPU
		{9B48475C-CBD8-4B68-A2E6-48544884D464}.Debug|Any CPU.Build.0 = Debug|Any CPU
		{9B48475C-CBD8-4B68-A2E6-48544884D464}.Release|Any CPU.ActiveCfg = Release|Any CPU
		{9B48475C-CBD8-4B68-A2E6-48544884D464}.Release|Any CPU.Build.0 = Release|Any CPU
		{B3A6BB4D-CE35-4732-9790-4E672512C0A1}.Debug|Any CPU.ActiveCfg = Debug|Any CPU
		{B3A6BB4D-CE35-4732-9790-4E672512C0A1}.Debug|Any CPU.Build.0 = Debug|Any CPU
		{B3A6BB4D-CE35-4732-9790-4E672512C0A1}.Release|Any CPU.ActiveCfg = Release|Any CPU
		{B3A6BB4D-CE35-4732-9790-4E672512C0A1}.Release|Any CPU.Build.0 = Release|Any CPU
	EndGlobalSection
	GlobalSection(SolutionProperties) = preSolution
		HideSolutionNode = FALSE
	EndGlobalSection
	GlobalSection(ExtensibilityGlobals) = postSolution
		SolutionGuid = {968545EA-C8E0-4EA6-80B8-B21D7397011D}
	EndGlobalSection
EndGlobal
