
Microsoft Visual Studio Solution File, Format Version 12.00
# Visual Studio Version 16
VisualStudioVersion = 16.0.28803.452
MinimumVisualStudioVersion = 10.0.40219.1
Project("{FAE04EC0-301F-11D3-BF4B-00C04F79EFBC}") = "Losungen.Wpf", "Losungen.Wpf\Losungen.Wpf.csproj", "{3CCB3734-ADA9-48EC-BFDD-E6B673CFB418}"
EndProject
Project("{9A19103F-16F7-4668-BE54-9A1E7A4F7556}") = "Losungen.Standard", "Losungen.Standard\Losungen.Standard.csproj", "{3EF6AB04-36F8-4503-88EF-3974F7CD7D14}"
EndProject
Project("{FAE04EC0-301F-11D3-BF4B-00C04F79EFBC}") = "Losungen.UWP", "Losungen\Losungen.UWP\Losungen.UWP.csproj", "{1748F4E1-C52B-4138-B1D1-1B2A40083469}"
EndProject
Project("{FAE04EC0-301F-11D3-BF4B-00C04F79EFBC}") = "Losungen.Android", "Losungen\Losungen.Android\Losungen.Android.csproj", "{7D91255F-9490-42AC-A0D5-6C8111999087}"
EndProject
Project("{FAE04EC0-301F-11D3-BF4B-00C04F79EFBC}") = "Losungen.iOS", "Losungen\Losungen.iOS\Losungen.iOS.csproj", "{0CF870AF-D667-4449-882A-7B66EA3E1E22}"
EndProject
Project("{9A19103F-16F7-4668-BE54-9A1E7A4F7556}") = "Losungen", "Losungen\Losungen\Losungen.csproj", "{BB7282E4-14A7-45E9-B1C4-44A4BD984699}"
EndProject
Global
	GlobalSection(SolutionConfigurationPlatforms) = preSolution
		Debug|Any CPU = Debug|Any CPU
		Debug|ARM = Debug|ARM
		Debug|iPhone = Debug|iPhone
		Debug|iPhoneSimulator = Debug|iPhoneSimulator
		Debug|x64 = Debug|x64
		Debug|x86 = Debug|x86
		Release|Any CPU = Release|Any CPU
		Release|ARM = Release|ARM
		Release|iPhone = Release|iPhone
		Release|iPhoneSimulator = Release|iPhoneSimulator
		Release|x64 = Release|x64
		Release|x86 = Release|x86
	EndGlobalSection
	GlobalSection(ProjectConfigurationPlatforms) = postSolution
		{3CCB3734-ADA9-48EC-BFDD-E6B673CFB418}.Debug|Any CPU.ActiveCfg = Debug|Any CPU
		{3CCB3734-ADA9-48EC-BFDD-E6B673CFB418}.Debug|Any CPU.Build.0 = Debug|Any CPU
		{3CCB3734-ADA9-48EC-BFDD-E6B673CFB418}.Debug|ARM.ActiveCfg = Debug|Any CPU
		{3CCB3734-ADA9-48EC-BFDD-E6B673CFB418}.Debug|ARM.Build.0 = Debug|Any CPU
		{3CCB3734-ADA9-48EC-BFDD-E6B673CFB418}.Debug|iPhone.ActiveCfg = Debug|Any CPU
		{3CCB3734-ADA9-48EC-BFDD-E6B673CFB418}.Debug|iPhone.Build.0 = Debug|Any CPU
		{3CCB3734-ADA9-48EC-BFDD-E6B673CFB418}.Debug|iPhoneSimulator.ActiveCfg = Debug|Any CPU
		{3CCB3734-ADA9-48EC-BFDD-E6B673CFB418}.Debug|iPhoneSimulator.Build.0 = Debug|Any CPU
		{3CCB3734-ADA9-48EC-BFDD-E6B673CFB418}.Debug|x64.ActiveCfg = Debug|Any CPU
		{3CCB3734-ADA9-48EC-BFDD-E6B673CFB418}.Debug|x64.Build.0 = Debug|Any CPU
		{3CCB3734-ADA9-48EC-BFDD-E6B673CFB418}.Debug|x86.ActiveCfg = Debug|Any CPU
		{3CCB3734-ADA9-48EC-BFDD-E6B673CFB418}.Debug|x86.Build.0 = Debug|Any CPU
		{3CCB3734-ADA9-48EC-BFDD-E6B673CFB418}.Release|Any CPU.ActiveCfg = Release|Any CPU
		{3CCB3734-ADA9-48EC-BFDD-E6B673CFB418}.Release|Any CPU.Build.0 = Release|Any CPU
		{3CCB3734-ADA9-48EC-BFDD-E6B673CFB418}.Release|ARM.ActiveCfg = Release|Any CPU
		{3CCB3734-ADA9-48EC-BFDD-E6B673CFB418}.Release|ARM.Build.0 = Release|Any CPU
		{3CCB3734-ADA9-48EC-BFDD-E6B673CFB418}.Release|iPhone.ActiveCfg = Release|Any CPU
		{3CCB3734-ADA9-48EC-BFDD-E6B673CFB418}.Release|iPhone.Build.0 = Release|Any CPU
		{3CCB3734-ADA9-48EC-BFDD-E6B673CFB418}.Release|iPhoneSimulator.ActiveCfg = Release|Any CPU
		{3CCB3734-ADA9-48EC-BFDD-E6B673CFB418}.Release|iPhoneSimulator.Build.0 = Release|Any CPU
		{3CCB3734-ADA9-48EC-BFDD-E6B673CFB418}.Release|x64.ActiveCfg = Release|Any CPU
		{3CCB3734-ADA9-48EC-BFDD-E6B673CFB418}.Release|x64.Build.0 = Release|Any CPU
		{3CCB3734-ADA9-48EC-BFDD-E6B673CFB418}.Release|x86.ActiveCfg = Release|Any CPU
		{3CCB3734-ADA9-48EC-BFDD-E6B673CFB418}.Release|x86.Build.0 = Release|Any CPU
		{3EF6AB04-36F8-4503-88EF-3974F7CD7D14}.Debug|Any CPU.ActiveCfg = Debug|Any CPU
		{3EF6AB04-36F8-4503-88EF-3974F7CD7D14}.Debug|Any CPU.Build.0 = Debug|Any CPU
		{3EF6AB04-36F8-4503-88EF-3974F7CD7D14}.Debug|ARM.ActiveCfg = Debug|Any CPU
		{3EF6AB04-36F8-4503-88EF-3974F7CD7D14}.Debug|ARM.Build.0 = Debug|Any CPU
		{3EF6AB04-36F8-4503-88EF-3974F7CD7D14}.Debug|iPhone.ActiveCfg = Debug|Any CPU
		{3EF6AB04-36F8-4503-88EF-3974F7CD7D14}.Debug|iPhone.Build.0 = Debug|Any CPU
		{3EF6AB04-36F8-4503-88EF-3974F7CD7D14}.Debug|iPhoneSimulator.ActiveCfg = Debug|Any CPU
		{3EF6AB04-36F8-4503-88EF-3974F7CD7D14}.Debug|iPhoneSimulator.Build.0 = Debug|Any CPU
		{3EF6AB04-36F8-4503-88EF-3974F7CD7D14}.Debug|x64.ActiveCfg = Debug|Any CPU
		{3EF6AB04-36F8-4503-88EF-3974F7CD7D14}.Debug|x64.Build.0 = Debug|Any CPU
		{3EF6AB04-36F8-4503-88EF-3974F7CD7D14}.Debug|x86.ActiveCfg = Debug|Any CPU
		{3EF6AB04-36F8-4503-88EF-3974F7CD7D14}.Debug|x86.Build.0 = Debug|Any CPU
		{3EF6AB04-36F8-4503-88EF-3974F7CD7D14}.Release|Any CPU.ActiveCfg = Release|Any CPU
		{3EF6AB04-36F8-4503-88EF-3974F7CD7D14}.Release|Any CPU.Build.0 = Release|Any CPU
		{3EF6AB04-36F8-4503-88EF-3974F7CD7D14}.Release|ARM.ActiveCfg = Release|Any CPU
		{3EF6AB04-36F8-4503-88EF-3974F7CD7D14}.Release|ARM.Build.0 = Release|Any CPU
		{3EF6AB04-36F8-4503-88EF-3974F7CD7D14}.Release|iPhone.ActiveCfg = Release|Any CPU
		{3EF6AB04-36F8-4503-88EF-3974F7CD7D14}.Release|iPhone.Build.0 = Release|Any CPU
		{3EF6AB04-36F8-4503-88EF-3974F7CD7D14}.Release|iPhoneSimulator.ActiveCfg = Release|Any CPU
		{3EF6AB04-36F8-4503-88EF-3974F7CD7D14}.Release|iPhoneSimulator.Build.0 = Release|Any CPU
		{3EF6AB04-36F8-4503-88EF-3974F7CD7D14}.Release|x64.ActiveCfg = Release|Any CPU
		{3EF6AB04-36F8-4503-88EF-3974F7CD7D14}.Release|x64.Build.0 = Release|Any CPU
		{3EF6AB04-36F8-4503-88EF-3974F7CD7D14}.Release|x86.ActiveCfg = Release|Any CPU
		{3EF6AB04-36F8-4503-88EF-3974F7CD7D14}.Release|x86.Build.0 = Release|Any CPU
		{1748F4E1-C52B-4138-B1D1-1B2A40083469}.Debug|Any CPU.ActiveCfg = Debug|x86
		{1748F4E1-C52B-4138-B1D1-1B2A40083469}.Debug|ARM.ActiveCfg = Debug|ARM
		{1748F4E1-C52B-4138-B1D1-1B2A40083469}.Debug|ARM.Build.0 = Debug|ARM
		{1748F4E1-C52B-4138-B1D1-1B2A40083469}.Debug|ARM.Deploy.0 = Debug|ARM
		{1748F4E1-C52B-4138-B1D1-1B2A40083469}.Debug|iPhone.ActiveCfg = Debug|x86
		{1748F4E1-C52B-4138-B1D1-1B2A40083469}.Debug|iPhoneSimulator.ActiveCfg = Debug|x86
		{1748F4E1-C52B-4138-B1D1-1B2A40083469}.Debug|x64.ActiveCfg = Debug|x64
		{1748F4E1-C52B-4138-B1D1-1B2A40083469}.Debug|x64.Build.0 = Debug|x64
		{1748F4E1-C52B-4138-B1D1-1B2A40083469}.Debug|x64.Deploy.0 = Debug|x64
		{1748F4E1-C52B-4138-B1D1-1B2A40083469}.Debug|x86.ActiveCfg = Debug|x86
		{1748F4E1-C52B-4138-B1D1-1B2A40083469}.Debug|x86.Build.0 = Debug|x86
		{1748F4E1-C52B-4138-B1D1-1B2A40083469}.Debug|x86.Deploy.0 = Debug|x86
		{1748F4E1-C52B-4138-B1D1-1B2A40083469}.Release|Any CPU.ActiveCfg = Release|x86
		{1748F4E1-C52B-4138-B1D1-1B2A40083469}.Release|ARM.ActiveCfg = Release|ARM
		{1748F4E1-C52B-4138-B1D1-1B2A40083469}.Release|ARM.Build.0 = Release|ARM
		{1748F4E1-C52B-4138-B1D1-1B2A40083469}.Release|ARM.Deploy.0 = Release|ARM
		{1748F4E1-C52B-4138-B1D1-1B2A40083469}.Release|iPhone.ActiveCfg = Release|x86
		{1748F4E1-C52B-4138-B1D1-1B2A40083469}.Release|iPhoneSimulator.ActiveCfg = Release|x86
		{1748F4E1-C52B-4138-B1D1-1B2A40083469}.Release|x64.ActiveCfg = Release|x64
		{1748F4E1-C52B-4138-B1D1-1B2A40083469}.Release|x64.Build.0 = Release|x64
		{1748F4E1-C52B-4138-B1D1-1B2A40083469}.Release|x64.Deploy.0 = Release|x64
		{1748F4E1-C52B-4138-B1D1-1B2A40083469}.Release|x86.ActiveCfg = Release|x86
		{1748F4E1-C52B-4138-B1D1-1B2A40083469}.Release|x86.Build.0 = Release|x86
		{1748F4E1-C52B-4138-B1D1-1B2A40083469}.Release|x86.Deploy.0 = Release|x86
		{7D91255F-9490-42AC-A0D5-6C8111999087}.Debug|Any CPU.ActiveCfg = Debug|Any CPU
		{7D91255F-9490-42AC-A0D5-6C8111999087}.Debug|Any CPU.Build.0 = Debug|Any CPU
		{7D91255F-9490-42AC-A0D5-6C8111999087}.Debug|Any CPU.Deploy.0 = Debug|Any CPU
		{7D91255F-9490-42AC-A0D5-6C8111999087}.Debug|ARM.ActiveCfg = Debug|Any CPU
		{7D91255F-9490-42AC-A0D5-6C8111999087}.Debug|ARM.Build.0 = Debug|Any CPU
		{7D91255F-9490-42AC-A0D5-6C8111999087}.Debug|ARM.Deploy.0 = Debug|Any CPU
		{7D91255F-9490-42AC-A0D5-6C8111999087}.Debug|iPhone.ActiveCfg = Debug|Any CPU
		{7D91255F-9490-42AC-A0D5-6C8111999087}.Debug|iPhone.Build.0 = Debug|Any CPU
		{7D91255F-9490-42AC-A0D5-6C8111999087}.Debug|iPhone.Deploy.0 = Debug|Any CPU
		{7D91255F-9490-42AC-A0D5-6C8111999087}.Debug|iPhoneSimulator.ActiveCfg = Debug|Any CPU
		{7D91255F-9490-42AC-A0D5-6C8111999087}.Debug|iPhoneSimulator.Build.0 = Debug|Any CPU
		{7D91255F-9490-42AC-A0D5-6C8111999087}.Debug|iPhoneSimulator.Deploy.0 = Debug|Any CPU
		{7D91255F-9490-42AC-A0D5-6C8111999087}.Debug|x64.ActiveCfg = Debug|Any CPU
		{7D91255F-9490-42AC-A0D5-6C8111999087}.Debug|x64.Build.0 = Debug|Any CPU
		{7D91255F-9490-42AC-A0D5-6C8111999087}.Debug|x64.Deploy.0 = Debug|Any CPU
		{7D91255F-9490-42AC-A0D5-6C8111999087}.Debug|x86.ActiveCfg = Debug|Any CPU
		{7D91255F-9490-42AC-A0D5-6C8111999087}.Debug|x86.Build.0 = Debug|Any CPU
		{7D91255F-9490-42AC-A0D5-6C8111999087}.Debug|x86.Deploy.0 = Debug|Any CPU
		{7D91255F-9490-42AC-A0D5-6C8111999087}.Release|Any CPU.ActiveCfg = Release|Any CPU
		{7D91255F-9490-42AC-A0D5-6C8111999087}.Release|Any CPU.Build.0 = Release|Any CPU
		{7D91255F-9490-42AC-A0D5-6C8111999087}.Release|Any CPU.Deploy.0 = Release|Any CPU
		{7D91255F-9490-42AC-A0D5-6C8111999087}.Release|ARM.ActiveCfg = Release|Any CPU
		{7D91255F-9490-42AC-A0D5-6C8111999087}.Release|ARM.Build.0 = Release|Any CPU
		{7D91255F-9490-42AC-A0D5-6C8111999087}.Release|ARM.Deploy.0 = Release|Any CPU
		{7D91255F-9490-42AC-A0D5-6C8111999087}.Release|iPhone.ActiveCfg = Release|Any CPU
		{7D91255F-9490-42AC-A0D5-6C8111999087}.Release|iPhone.Build.0 = Release|Any CPU
		{7D91255F-9490-42AC-A0D5-6C8111999087}.Release|iPhone.Deploy.0 = Release|Any CPU
		{7D91255F-9490-42AC-A0D5-6C8111999087}.Release|iPhoneSimulator.ActiveCfg = Release|Any CPU
		{7D91255F-9490-42AC-A0D5-6C8111999087}.Release|iPhoneSimulator.Build.0 = Release|Any CPU
		{7D91255F-9490-42AC-A0D5-6C8111999087}.Release|iPhoneSimulator.Deploy.0 = Release|Any CPU
		{7D91255F-9490-42AC-A0D5-6C8111999087}.Release|x64.ActiveCfg = Release|Any CPU
		{7D91255F-9490-42AC-A0D5-6C8111999087}.Release|x64.Build.0 = Release|Any CPU
		{7D91255F-9490-42AC-A0D5-6C8111999087}.Release|x64.Deploy.0 = Release|Any CPU
		{7D91255F-9490-42AC-A0D5-6C8111999087}.Release|x86.ActiveCfg = Release|Any CPU
		{7D91255F-9490-42AC-A0D5-6C8111999087}.Release|x86.Build.0 = Release|Any CPU
		{7D91255F-9490-42AC-A0D5-6C8111999087}.Release|x86.Deploy.0 = Release|Any CPU
		{0CF870AF-D667-4449-882A-7B66EA3E1E22}.Debug|Any CPU.ActiveCfg = Debug|iPhone
		{0CF870AF-D667-4449-882A-7B66EA3E1E22}.Debug|ARM.ActiveCfg = Debug|iPhone
		{0CF870AF-D667-4449-882A-7B66EA3E1E22}.Debug|iPhone.ActiveCfg = Debug|iPhone
		{0CF870AF-D667-4449-882A-7B66EA3E1E22}.Debug|iPhone.Build.0 = Debug|iPhone
		{0CF870AF-D667-4449-882A-7B66EA3E1E22}.Debug|iPhoneSimulator.ActiveCfg = Debug|iPhoneSimulator
		{0CF870AF-D667-4449-882A-7B66EA3E1E22}.Debug|iPhoneSimulator.Build.0 = Debug|iPhoneSimulator
		{0CF870AF-D667-4449-882A-7B66EA3E1E22}.Debug|x64.ActiveCfg = Debug|iPhone
		{0CF870AF-D667-4449-882A-7B66EA3E1E22}.Debug|x86.ActiveCfg = Debug|iPhone
		{0CF870AF-D667-4449-882A-7B66EA3E1E22}.Release|Any CPU.ActiveCfg = Release|iPhone
		{0CF870AF-D667-4449-882A-7B66EA3E1E22}.Release|ARM.ActiveCfg = Release|iPhone
		{0CF870AF-D667-4449-882A-7B66EA3E1E22}.Release|iPhone.ActiveCfg = Release|iPhone
		{0CF870AF-D667-4449-882A-7B66EA3E1E22}.Release|iPhone.Build.0 = Release|iPhone
		{0CF870AF-D667-4449-882A-7B66EA3E1E22}.Release|iPhoneSimulator.ActiveCfg = Release|iPhoneSimulator
		{0CF870AF-D667-4449-882A-7B66EA3E1E22}.Release|iPhoneSimulator.Build.0 = Release|iPhoneSimulator
		{0CF870AF-D667-4449-882A-7B66EA3E1E22}.Release|x64.ActiveCfg = Release|iPhone
		{0CF870AF-D667-4449-882A-7B66EA3E1E22}.Release|x86.ActiveCfg = Release|iPhone
		{BB7282E4-14A7-45E9-B1C4-44A4BD984699}.Debug|Any CPU.ActiveCfg = Debug|Any CPU
		{BB7282E4-14A7-45E9-B1C4-44A4BD984699}.Debug|Any CPU.Build.0 = Debug|Any CPU
		{BB7282E4-14A7-45E9-B1C4-44A4BD984699}.Debug|ARM.ActiveCfg = Debug|Any CPU
		{BB7282E4-14A7-45E9-B1C4-44A4BD984699}.Debug|ARM.Build.0 = Debug|Any CPU
		{BB7282E4-14A7-45E9-B1C4-44A4BD984699}.Debug|iPhone.ActiveCfg = Debug|Any CPU
		{BB7282E4-14A7-45E9-B1C4-44A4BD984699}.Debug|iPhone.Build.0 = Debug|Any CPU
		{BB7282E4-14A7-45E9-B1C4-44A4BD984699}.Debug|iPhoneSimulator.ActiveCfg = Debug|Any CPU
		{BB7282E4-14A7-45E9-B1C4-44A4BD984699}.Debug|iPhoneSimulator.Build.0 = Debug|Any CPU
		{BB7282E4-14A7-45E9-B1C4-44A4BD984699}.Debug|x64.ActiveCfg = Debug|Any CPU
		{BB7282E4-14A7-45E9-B1C4-44A4BD984699}.Debug|x64.Build.0 = Debug|Any CPU
		{BB7282E4-14A7-45E9-B1C4-44A4BD984699}.Debug|x86.ActiveCfg = Debug|Any CPU
		{BB7282E4-14A7-45E9-B1C4-44A4BD984699}.Debug|x86.Build.0 = Debug|Any CPU
		{BB7282E4-14A7-45E9-B1C4-44A4BD984699}.Release|Any CPU.ActiveCfg = Release|Any CPU
		{BB7282E4-14A7-45E9-B1C4-44A4BD984699}.Release|Any CPU.Build.0 = Release|Any CPU
		{BB7282E4-14A7-45E9-B1C4-44A4BD984699}.Release|ARM.ActiveCfg = Release|Any CPU
		{BB7282E4-14A7-45E9-B1C4-44A4BD984699}.Release|ARM.Build.0 = Release|Any CPU
		{BB7282E4-14A7-45E9-B1C4-44A4BD984699}.Release|iPhone.ActiveCfg = Release|Any CPU
		{BB7282E4-14A7-45E9-B1C4-44A4BD984699}.Release|iPhone.Build.0 = Release|Any CPU
		{BB7282E4-14A7-45E9-B1C4-44A4BD984699}.Release|iPhoneSimulator.ActiveCfg = Release|Any CPU
		{BB7282E4-14A7-45E9-B1C4-44A4BD984699}.Release|iPhoneSimulator.Build.0 = Release|Any CPU
		{BB7282E4-14A7-45E9-B1C4-44A4BD984699}.Release|x64.ActiveCfg = Release|Any CPU
		{BB7282E4-14A7-45E9-B1C4-44A4BD984699}.Release|x64.Build.0 = Release|Any CPU
		{BB7282E4-14A7-45E9-B1C4-44A4BD984699}.Release|x86.ActiveCfg = Release|Any CPU
		{BB7282E4-14A7-45E9-B1C4-44A4BD984699}.Release|x86.Build.0 = Release|Any CPU
	EndGlobalSection
	GlobalSection(SolutionProperties) = preSolution
		HideSolutionNode = FALSE
	EndGlobalSection
	GlobalSection(ExtensibilityGlobals) = postSolution
		SolutionGuid = {6E5DD3C9-43F7-47A9-83E0-88224674423E}
	EndGlobalSection
EndGlobal
